// !$*UTF8*$!
{
	archiveVersion = 1;
	classes = {
	};
	objectVersion = 56;
	objects = {

/* Begin PBXBuildFile section */
		090E72822D8CD82B00C1F24B /* Constants.swift in Sources */ = {isa = PBXBuildFile; fileRef = 090E72812D8CD82B00C1F24B /* Constants.swift */; };
		09C644582D8BC2C900DC36E0 /* CountryCell.xib in Resources */ = {isa = PBXBuildFile; fileRef = 09C644572D8BC2C900DC36E0 /* CountryCell.xib */; };
		09C6445A2D8BD22300DC36E0 /* CountryCellViewModel.swift in Sources */ = {isa = PBXBuildFile; fileRef = 09C644592D8BD22300DC36E0 /* CountryCellViewModel.swift */; };
		09C6445D2D8BE7AA00DC36E0 /* NetworkService.swift in Sources */ = {isa = PBXBuildFile; fileRef = 09C6445C2D8BE7AA00DC36E0 /* NetworkService.swift */; };
		09C6445F2D8BECA400DC36E0 /* MockDataProvider.swift in Sources */ = {isa = PBXBuildFile; fileRef = 09C6445E2D8BECA400DC36E0 /* MockDataProvider.swift */; };
		09E1E2222D8B2F410078C63C /* AppDelegate.swift in Sources */ = {isa = PBXBuildFile; fileRef = 09E1E2212D8B2F410078C63C /* AppDelegate.swift */; };
		09E1E2242D8B2F410078C63C /* SceneDelegate.swift in Sources */ = {isa = PBXBuildFile; fileRef = 09E1E2232D8B2F410078C63C /* SceneDelegate.swift */; };
		09E1E2262D8B2F410078C63C /* ViewController.swift in Sources */ = {isa = PBXBuildFile; fileRef = 09E1E2252D8B2F410078C63C /* ViewController.swift */; };
		09E1E2292D8B2F410078C63C /* Base in Resources */ = {isa = PBXBuildFile; fileRef = 09E1E2282D8B2F410078C63C /* Base */; };
		09E1E22B2D8B2F450078C63C /* Assets.xcassets in Resources */ = {isa = PBXBuildFile; fileRef = 09E1E22A2D8B2F450078C63C /* Assets.xcassets */; };
		09E1E22E2D8B2F450078C63C /* Base in Resources */ = {isa = PBXBuildFile; fileRef = 09E1E22D2D8B2F450078C63C /* Base */; };
		09E1E2372D8B326B0078C63C /* Country.swift in Sources */ = {isa = PBXBuildFile; fileRef = 09E1E2362D8B326B0078C63C /* Country.swift */; };
		09E1E23A2D8B32AE0078C63C /* CountryViewModel.swift in Sources */ = {isa = PBXBuildFile; fileRef = 09E1E2392D8B32AD0078C63C /* CountryViewModel.swift */; };
		09E1E23D2D8B33240078C63C /* CountryCell.swift in Sources */ = {isa = PBXBuildFile; fileRef = 09E1E23C2D8B33240078C63C /* CountryCell.swift */; };
		09E1E2422D8BAE6E0078C63C /* ProtocolDataProvider.swift in Sources */ = {isa = PBXBuildFile; fileRef = 09E1E2412D8BAE6E0078C63C /* ProtocolDataProvider.swift */; };
		09E1E2442D8BAEF50078C63C /* CountryDataManager.swift in Sources */ = {isa = PBXBuildFile; fileRef = 09E1E2432D8BAEF50078C63C /* CountryDataManager.swift */; };
/* End PBXBuildFile section */

/* Begin PBXFileReference section */
		090E72812D8CD82B00C1F24B /* Constants.swift */ = {isa = PBXFileReference; lastKnownFileType = sourcecode.swift; path = Constants.swift; sourceTree = "<group>"; };
		09C644572D8BC2C900DC36E0 /* CountryCell.xib */ = {isa = PBXFileReference; lastKnownFileType = file.xib; path = CountryCell.xib; sourceTree = "<group>"; };
		09C644592D8BD22300DC36E0 /* CountryCellViewModel.swift */ = {isa = PBXFileReference; lastKnownFileType = sourcecode.swift; path = CountryCellViewModel.swift; sourceTree = "<group>"; };
		09C6445C2D8BE7AA00DC36E0 /* NetworkService.swift */ = {isa = PBXFileReference; lastKnownFileType = sourcecode.swift; path = NetworkService.swift; sourceTree = "<group>"; };
		09C6445E2D8BECA400DC36E0 /* MockDataProvider.swift */ = {isa = PBXFileReference; lastKnownFileType = sourcecode.swift; path = MockDataProvider.swift; sourceTree = "<group>"; };
		09E1E21E2D8B2F410078C63C /* CodingAssesment.app */ = {isa = PBXFileReference; explicitFileType = wrapper.application; includeInIndex = 0; path = CodingAssesment.app; sourceTree = BUILT_PRODUCTS_DIR; };
		09E1E2212D8B2F410078C63C /* AppDelegate.swift */ = {isa = PBXFileReference; lastKnownFileType = sourcecode.swift; path = AppDelegate.swift; sourceTree = "<group>"; };
		09E1E2232D8B2F410078C63C /* SceneDelegate.swift */ = {isa = PBXFileReference; lastKnownFileType = sourcecode.swift; path = SceneDelegate.swift; sourceTree = "<group>"; };
		09E1E2252D8B2F410078C63C /* ViewController.swift */ = {isa = PBXFileReference; lastKnownFileType = sourcecode.swift; path = ViewController.swift; sourceTree = "<group>"; };
		09E1E2282D8B2F410078C63C /* Base */ = {isa = PBXFileReference; lastKnownFileType = file.storyboard; name = Base; path = Base.lproj/Main.storyboard; sourceTree = "<group>"; };
		09E1E22A2D8B2F450078C63C /* Assets.xcassets */ = {isa = PBXFileReference; lastKnownFileType = folder.assetcatalog; path = Assets.xcassets; sourceTree = "<group>"; };
		09E1E22D2D8B2F450078C63C /* Base */ = {isa = PBXFileReference; lastKnownFileType = file.storyboard; name = Base; path = Base.lproj/LaunchScreen.storyboard; sourceTree = "<group>"; };
		09E1E22F2D8B2F450078C63C /* Info.plist */ = {isa = PBXFileReference; lastKnownFileType = text.plist.xml; path = Info.plist; sourceTree = "<group>"; };
		09E1E2362D8B326B0078C63C /* Country.swift */ = {isa = PBXFileReference; lastKnownFileType = sourcecode.swift; path = Country.swift; sourceTree = "<group>"; };
		09E1E2392D8B32AD0078C63C /* CountryViewModel.swift */ = {isa = PBXFileReference; lastKnownFileType = sourcecode.swift; path = CountryViewModel.swift; sourceTree = "<group>"; };
		09E1E23C2D8B33240078C63C /* CountryCell.swift */ = {isa = PBXFileReference; lastKnownFileType = sourcecode.swift; path = CountryCell.swift; sourceTree = "<group>"; };
		09E1E2412D8BAE6E0078C63C /* ProtocolDataProvider.swift */ = {isa = PBXFileReference; lastKnownFileType = sourcecode.swift; path = ProtocolDataProvider.swift; sourceTree = "<group>"; };
		09E1E2432D8BAEF50078C63C /* CountryDataManager.swift */ = {isa = PBXFileReference; lastKnownFileType = sourcecode.swift; path = CountryDataManager.swift; sourceTree = "<group>"; };
/* End PBXFileReference section */

/* Begin PBXFrameworksBuildPhase section */
		09E1E21B2D8B2F410078C63C /* Frameworks */ = {
			isa = PBXFrameworksBuildPhase;
			buildActionMask = 2147483647;
			files = (
			);
			runOnlyForDeploymentPostprocessing = 0;
		};
/* End PBXFrameworksBuildPhase section */

/* Begin PBXGroup section */
		090E72802D8CD80B00C1F24B /* Utilities */ = {
			isa = PBXGroup;
			children = (
				090E72812D8CD82B00C1F24B /* Constants.swift */,
			);
			path = Utilities;
			sourceTree = "<group>";
		};
		09C6445B2D8BE78700DC36E0 /* NetworkingService */ = {
			isa = PBXGroup;
			children = (
				09C6445C2D8BE7AA00DC36E0 /* NetworkService.swift */,
			);
			path = NetworkingService;
			sourceTree = "<group>";
		};
		09E1E2152D8B2F410078C63C = {
			isa = PBXGroup;
			children = (
				09E1E2202D8B2F410078C63C /* CodingAssesment */,
				09E1E21F2D8B2F410078C63C /* Products */,
			);
			sourceTree = "<group>";
		};
		09E1E21F2D8B2F410078C63C /* Products */ = {
			isa = PBXGroup;
			children = (
				09E1E21E2D8B2F410078C63C /* CodingAssesment.app */,
			);
			name = Products;
			sourceTree = "<group>";
		};
		09E1E2202D8B2F410078C63C /* CodingAssesment */ = {
			isa = PBXGroup;
			children = (
				090E72802D8CD80B00C1F24B /* Utilities */,
				09C6445B2D8BE78700DC36E0 /* NetworkingService */,
				09E1E2402D8BAE520078C63C /* Protocols */,
				09E1E23B2D8B330A0078C63C /* Views */,
				09E1E2382D8B32900078C63C /* ViewModels */,
				09E1E2352D8B324E0078C63C /* Models */,
				09E1E2212D8B2F410078C63C /* AppDelegate.swift */,
				09E1E2232D8B2F410078C63C /* SceneDelegate.swift */,
				09E1E22A2D8B2F450078C63C /* Assets.xcassets */,
				09E1E22C2D8B2F450078C63C /* LaunchScreen.storyboard */,
				09E1E22F2D8B2F450078C63C /* Info.plist */,
			);
			path = CodingAssesment;
			sourceTree = "<group>";
		};
		09E1E2352D8B324E0078C63C /* Models */ = {
			isa = PBXGroup;
			children = (
				09E1E2362D8B326B0078C63C /* Country.swift */,
				09E1E2432D8BAEF50078C63C /* CountryDataManager.swift */,
				09C6445E2D8BECA400DC36E0 /* MockDataProvider.swift */,
			);
			path = Models;
			sourceTree = "<group>";
		};
		09E1E2382D8B32900078C63C /* ViewModels */ = {
			isa = PBXGroup;
			children = (
				09E1E2392D8B32AD0078C63C /* CountryViewModel.swift */,
				09C644592D8BD22300DC36E0 /* CountryCellViewModel.swift */,
			);
			path = ViewModels;
			sourceTree = "<group>";
		};
		09E1E23B2D8B330A0078C63C /* Views */ = {
			isa = PBXGroup;
			children = (
				09E1E23C2D8B33240078C63C /* CountryCell.swift */,
				09E1E2252D8B2F410078C63C /* ViewController.swift */,
				09E1E2272D8B2F410078C63C /* Main.storyboard */,
				09C644572D8BC2C900DC36E0 /* CountryCell.xib */,
			);
			path = Views;
			sourceTree = "<group>";
		};
		09E1E2402D8BAE520078C63C /* Protocols */ = {
			isa = PBXGroup;
			children = (
				09E1E2412D8BAE6E0078C63C /* ProtocolDataProvider.swift */,
			);
			path = Protocols;
			sourceTree = "<group>";
		};
/* End PBXGroup section */

/* Begin PBXNativeTarget section */
		09E1E21D2D8B2F410078C63C /* CodingAssesment */ = {
			isa = PBXNativeTarget;
			buildConfigurationList = 09E1E2322D8B2F450078C63C /* Build configuration list for PBXNativeTarget "CodingAssesment" */;
			buildPhases = (
				09E1E21A2D8B2F410078C63C /* Sources */,
				09E1E21B2D8B2F410078C63C /* Frameworks */,
				09E1E21C2D8B2F410078C63C /* Resources */,
			);
			buildRules = (
			);
			dependencies = (
			);
			name = CodingAssesment;
			productName = CodingAssesment;
			productReference = 09E1E21E2D8B2F410078C63C /* CodingAssesment.app */;
			productType = "com.apple.product-type.application";
		};
/* End PBXNativeTarget section */

/* Begin PBXProject section */
		09E1E2162D8B2F410078C63C /* Project object */ = {
			isa = PBXProject;
			attributes = {
				BuildIndependentTargetsInParallel = 1;
				LastSwiftUpdateCheck = 1540;
				LastUpgradeCheck = 1540;
				TargetAttributes = {
					09E1E21D2D8B2F410078C63C = {
						CreatedOnToolsVersion = 15.4;
					};
				};
			};
			buildConfigurationList = 09E1E2192D8B2F410078C63C /* Build configuration list for PBXProject "CodingAssesment" */;
			compatibilityVersion = "Xcode 14.0";
			developmentRegion = en;
			hasScannedForEncodings = 0;
			knownRegions = (
				en,
				Base,
			);
			mainGroup = 09E1E2152D8B2F410078C63C;
			productRefGroup = 09E1E21F2D8B2F410078C63C /* Products */;
			projectDirPath = "";
			projectRoot = "";
			targets = (
				09E1E21D2D8B2F410078C63C /* CodingAssesment */,
			);
		};
/* End PBXProject section */

/* Begin PBXResourcesBuildPhase section */
		09E1E21C2D8B2F410078C63C /* Resources */ = {
			isa = PBXResourcesBuildPhase;
			buildActionMask = 2147483647;
			files = (
				09C644582D8BC2C900DC36E0 /* CountryCell.xib in Resources */,
				09E1E22B2D8B2F450078C63C /* Assets.xcassets in Resources */,
				09E1E22E2D8B2F450078C63C /* Base in Resources */,
				09E1E2292D8B2F410078C63C /* Base in Resources */,
			);
			runOnlyForDeploymentPostprocessing = 0;
		};
/* End PBXResourcesBuildPhase section */

/* Begin PBXSourcesBuildPhase section */
		09E1E21A2D8B2F410078C63C /* Sources */ = {
			isa = PBXSourcesBuildPhase;
			buildActionMask = 2147483647;
			files = (
				09C6445D2D8BE7AA00DC36E0 /* NetworkService.swift in Sources */,
				09E1E2372D8B326B0078C63C /* Country.swift in Sources */,
				09E1E2422D8BAE6E0078C63C /* ProtocolDataProvider.swift in Sources */,
				09E1E2262D8B2F410078C63C /* ViewController.swift in Sources */,
				09E1E23D2D8B33240078C63C /* CountryCell.swift in Sources */,
				09E1E2442D8BAEF50078C63C /* CountryDataManager.swift in Sources */,
				09C6445F2D8BECA400DC36E0 /* MockDataProvider.swift in Sources */,
				09E1E2222D8B2F410078C63C /* AppDelegate.swift in Sources */,
				09E1E2242D8B2F410078C63C /* SceneDelegate.swift in Sources */,
				09E1E23A2D8B32AE0078C63C /* CountryViewModel.swift in Sources */,
				09C6445A2D8BD22300DC36E0 /* CountryCellViewModel.swift in Sources */,
				090E72822D8CD82B00C1F24B /* Constants.swift in Sources */,
			);
			runOnlyForDeploymentPostprocessing = 0;
		};
/* End PBXSourcesBuildPhase section */

/* Begin PBXVariantGroup section */
		09E1E2272D8B2F410078C63C /* Main.storyboard */ = {
			isa = PBXVariantGroup;
			children = (
				09E1E2282D8B2F410078C63C /* Base */,
			);
			name = Main.storyboard;
			sourceTree = "<group>";
		};
		09E1E22C2D8B2F450078C63C /* LaunchScreen.storyboard */ = {
			isa = PBXVariantGroup;
			children = (
				09E1E22D2D8B2F450078C63C /* Base */,
			);
			name = LaunchScreen.storyboard;
			sourceTree = "<group>";
		};
/* End PBXVariantGroup section */

/* Begin XCBuildConfiguration section */
		09E1E2302D8B2F450078C63C /* Debug */ = {
			isa = XCBuildConfiguration;
			buildSettings = {
				ALWAYS_SEARCH_USER_PATHS = NO;
				ASSETCATALOG_COMPILER_GENERATE_SWIFT_ASSET_SYMBOL_EXTENSIONS = YES;
				CLANG_ANALYZER_NONNULL = YES;
				CLANG_ANALYZER_NUMBER_OBJECT_CONVERSION = YES_AGGRESSIVE;
				CLANG_CXX_LANGUAGE_STANDARD = "gnu++20";
				CLANG_ENABLE_MODULES = YES;
				CLANG_ENABLE_OBJC_ARC = YES;
				CLANG_ENABLE_OBJC_WEAK = YES;
				CLANG_WARN_BLOCK_CAPTURE_AUTORELEASING = YES;
				CLANG_WARN_BOOL_CONVERSION = YES;
				CLANG_WARN_COMMA = YES;
				CLANG_WARN_CONSTANT_CONVERSION = YES;
				CLANG_WARN_DEPRECATED_OBJC_IMPLEMENTATIONS = YES;
				CLANG_WARN_DIRECT_OBJC_ISA_USAGE = YES_ERROR;
				CLANG_WARN_DOCUMENTATION_COMMENTS = YES;
				CLANG_WARN_EMPTY_BODY = YES;
				CLANG_WARN_ENUM_CONVERSION = YES;
				CLANG_WARN_INFINITE_RECURSION = YES;
				CLANG_WARN_INT_CONVERSION = YES;
				CLANG_WARN_NON_LITERAL_NULL_CONVERSION = YES;
				CLANG_WARN_OBJC_IMPLICIT_RETAIN_SELF = YES;
				CLANG_WARN_OBJC_LITERAL_CONVERSION = YES;
				CLANG_WARN_OBJC_ROOT_CLASS = YES_ERROR;
				CLANG_WARN_QUOTED_INCLUDE_IN_FRAMEWORK_HEADER = YES;
				CLANG_WARN_RANGE_LOOP_ANALYSIS = YES;
				CLANG_WARN_STRICT_PROTOTYPES = YES;
				CLANG_WARN_SUSPICIOUS_MOVE = YES;
				CLANG_WARN_UNGUARDED_AVAILABILITY = YES_AGGRESSIVE;
				CLANG_WARN_UNREACHABLE_CODE = YES;
				CLANG_WARN__DUPLICATE_METHOD_MATCH = YES;
				COPY_PHASE_STRIP = NO;
				DEBUG_INFORMATION_FORMAT = dwarf;
				ENABLE_STRICT_OBJC_MSGSEND = YES;
				ENABLE_TESTABILITY = YES;
				ENABLE_USER_SCRIPT_SANDBOXING = YES;
				GCC_C_LANGUAGE_STANDARD = gnu17;
				GCC_DYNAMIC_NO_PIC = NO;
				GCC_NO_COMMON_BLOCKS = YES;
				GCC_OPTIMIZATION_LEVEL = 0;
				GCC_PREPROCESSOR_DEFINITIONS = (
					"DEBUG=1",
					"$(inherited)",
				);
				GCC_WARN_64_TO_32_BIT_CONVERSION = YES;
				GCC_WARN_ABOUT_RETURN_TYPE = YES_ERROR;
				GCC_WARN_UNDECLARED_SELECTOR = YES;
				GCC_WARN_UNINITIALIZED_AUTOS = YES_AGGRESSIVE;
				GCC_WARN_UNUSED_FUNCTION = YES;
				GCC_WARN_UNUSED_VARIABLE = YES;
				IPHONEOS_DEPLOYMENT_TARGET = 17.5;
				LOCALIZATION_PREFERS_STRING_CATALOGS = YES;
				MTL_ENABLE_DEBUG_INFO = INCLUDE_SOURCE;
				MTL_FAST_MATH = YES;
				ONLY_ACTIVE_ARCH = YES;
				SDKROOT = iphoneos;
				SWIFT_ACTIVE_COMPILATION_CONDITIONS = "DEBUG $(inherited)";
				SWIFT_OPTIMIZATION_LEVEL = "-Onone";
			};
			name = Debug;
		};
		09E1E2312D8B2F450078C63C /* Release */ = {
			isa = XCBuildConfiguration;
			buildSettings = {
				ALWAYS_SEARCH_USER_PATHS = NO;
				ASSETCATALOG_COMPILER_GENERATE_SWIFT_ASSET_SYMBOL_EXTENSIONS = YES;
				CLANG_ANALYZER_NONNULL = YES;
				CLANG_ANALYZER_NUMBER_OBJECT_CONVERSION = YES_AGGRESSIVE;
				CLANG_CXX_LANGUAGE_STANDARD = "gnu++20";
				CLANG_ENABLE_MODULES = YES;
				CLANG_ENABLE_OBJC_ARC = YES;
				CLANG_ENABLE_OBJC_WEAK = YES;
				CLANG_WARN_BLOCK_CAPTURE_AUTORELEASING = YES;
				CLANG_WARN_BOOL_CONVERSION = YES;
				CLANG_WARN_COMMA = YES;
				CLANG_WARN_CONSTANT_CONVERSION = YES;
				CLANG_WARN_DEPRECATED_OBJC_IMPLEMENTATIONS = YES;
				CLANG_WARN_DIRECT_OBJC_ISA_USAGE = YES_ERROR;
				CLANG_WARN_DOCUMENTATION_COMMENTS = YES;
				CLANG_WARN_EMPTY_BODY = YES;
				CLANG_WARN_ENUM_CONVERSION = YES;
				CLANG_WARN_INFINITE_RECURSION = YES;
				CLANG_WARN_INT_CONVERSION = YES;
				CLANG_WARN_NON_LITERAL_NULL_CONVERSION = YES;
				CLANG_WARN_OBJC_IMPLICIT_RETAIN_SELF = YES;
				CLANG_WARN_OBJC_LITERAL_CONVERSION = YES;
				CLANG_WARN_OBJC_ROOT_CLASS = YES_ERROR;
				CLANG_WARN_QUOTED_INCLUDE_IN_FRAMEWORK_HEADER = YES;
				CLANG_WARN_RANGE_LOOP_ANALYSIS = YES;
				CLANG_WARN_STRICT_PROTOTYPES = YES;
				CLANG_WARN_SUSPICIOUS_MOVE = YES;
				CLANG_WARN_UNGUARDED_AVAILABILITY = YES_AGGRESSIVE;
				CLANG_WARN_UNREACHABLE_CODE = YES;
				CLANG_WARN__DUPLICATE_METHOD_MATCH = YES;
				COPY_PHASE_STRIP = NO;
				DEBUG_INFORMATION_FORMAT = "dwarf-with-dsym";
				ENABLE_NS_ASSERTIONS = NO;
				ENABLE_STRICT_OBJC_MSGSEND = YES;
				ENABLE_USER_SCRIPT_SANDBOXING = YES;
				GCC_C_LANGUAGE_STANDARD = gnu17;
				GCC_NO_COMMON_BLOCKS = YES;
				GCC_WARN_64_TO_32_BIT_CONVERSION = YES;
				GCC_WARN_ABOUT_RETURN_TYPE = YES_ERROR;
				GCC_WARN_UNDECLARED_SELECTOR = YES;
				GCC_WARN_UNINITIALIZED_AUTOS = YES_AGGRESSIVE;
				GCC_WARN_UNUSED_FUNCTION = YES;
				GCC_WARN_UNUSED_VARIABLE = YES;
				IPHONEOS_DEPLOYMENT_TARGET = 17.5;
				LOCALIZATION_PREFERS_STRING_CATALOGS = YES;
				MTL_ENABLE_DEBUG_INFO = NO;
				MTL_FAST_MATH = YES;
				SDKROOT = iphoneos;
				SWIFT_COMPILATION_MODE = wholemodule;
				VALIDATE_PRODUCT = YES;
			};
			name = Release;
		};
		09E1E2332D8B2F450078C63C /* Debug */ = {
			isa = XCBuildConfiguration;
			buildSettings = {
				ASSETCATALOG_COMPILER_APPICON_NAME = AppIcon;
				ASSETCATALOG_COMPILER_GLOBAL_ACCENT_COLOR_NAME = AccentColor;
				CODE_SIGN_STYLE = Automatic;
				CURRENT_PROJECT_VERSION = 1;
				DEVELOPMENT_TEAM = VS54H3MNP6;
				GENERATE_INFOPLIST_FILE = YES;
				INFOPLIST_FILE = CodingAssesment/Info.plist;
				INFOPLIST_KEY_UIApplicationSupportsIndirectInputEvents = YES;
				INFOPLIST_KEY_UILaunchStoryboardName = LaunchScreen;
				INFOPLIST_KEY_UIMainStoryboardFile = Main;
				INFOPLIST_KEY_UISupportedInterfaceOrientations_iPad = "UIInterfaceOrientationPortrait UIInterfaceOrientationPortraitUpsideDown UIInterfaceOrientationLandscapeLeft UIInterfaceOrientationLandscapeRight";
				INFOPLIST_KEY_UISupportedInterfaceOrientations_iPhone = "UIInterfaceOrientationPortrait UIInterfaceOrientationLandscapeLeft UIInterfaceOrientationLandscapeRight";
				LD_RUNPATH_SEARCH_PATHS = (
					"$(inherited)",
					"@executable_path/Frameworks",
				);
				MARKETING_VERSION = 1.0;
				PRODUCT_BUNDLE_IDENTIFIER = pragmaticprogramming.CodingAssesment;
				PRODUCT_NAME = "$(TARGET_NAME)";
				SWIFT_EMIT_LOC_STRINGS = YES;
				SWIFT_VERSION = 5.0;
				TARGETED_DEVICE_FAMILY = "1,2";
			};
			name = Debug;
		};
		09E1E2342D8B2F450078C63C /* Release */ = {
			isa = XCBuildConfiguration;
			buildSettings = {
				ASSETCATALOG_COMPILER_APPICON_NAME = AppIcon;
				ASSETCATALOG_COMPILER_GLOBAL_ACCENT_COLOR_NAME = AccentColor;
				CODE_SIGN_STYLE = Automatic;
				CURRENT_PROJECT_VERSION = 1;
				DEVELOPMENT_TEAM = VS54H3MNP6;
				GENERATE_INFOPLIST_FILE = YES;
				INFOPLIST_FILE = CodingAssesment/Info.plist;
				INFOPLIST_KEY_UIApplicationSupportsIndirectInputEvents = YES;
				INFOPLIST_KEY_UILaunchStoryboardName = LaunchScreen;
				INFOPLIST_KEY_UIMainStoryboardFile = Main;
				INFOPLIST_KEY_UISupportedInterfaceOrientations_iPad = "UIInterfaceOrientationPortrait UIInterfaceOrientationPortraitUpsideDown UIInterfaceOrientationLandscapeLeft UIInterfaceOrientationLandscapeRight";
				INFOPLIST_KEY_UISupportedInterfaceOrientations_iPhone = "UIInterfaceOrientationPortrait UIInterfaceOrientationLandscapeLeft UIInterfaceOrientationLandscapeRight";
				LD_RUNPATH_SEARCH_PATHS = (
					"$(inherited)",
					"@executable_path/Frameworks",
				);
				MARKETING_VERSION = 1.0;
				PRODUCT_BUNDLE_IDENTIFIER = pragmaticprogramming.CodingAssesment;
				PRODUCT_NAME = "$(TARGET_NAME)";
				SWIFT_EMIT_LOC_STRINGS = YES;
				SWIFT_VERSION = 5.0;
				TARGETED_DEVICE_FAMILY = "1,2";
			};
			name = Release;
		};
/* End XCBuildConfiguration section */

/* Begin XCConfigurationList section */
		09E1E2192D8B2F410078C63C /* Build configuration list for PBXProject "CodingAssesment" */ = {
			isa = XCConfigurationList;
			buildConfigurations = (
				09E1E2302D8B2F450078C63C /* Debug */,
				09E1E2312D8B2F450078C63C /* Release */,
			);
			defaultConfigurationIsVisible = 0;
			defaultConfigurationName = Release;
		};
		09E1E2322D8B2F450078C63C /* Build configuration list for PBXNativeTarget "CodingAssesment" */ = {
			isa = XCConfigurationList;
			buildConfigurations = (
				09E1E2332D8B2F450078C63C /* Debug */,
				09E1E2342D8B2F450078C63C /* Release */,
			);
			defaultConfigurationIsVisible = 0;
			defaultConfigurationName = Release;
		};
/* End XCConfigurationList section */
	};
	rootObject = 09E1E2162D8B2F410078C63C /* Project object */;
}
